# This file is autogenerated, do not edit; changes may be undone by the next 'dep ensure'.


[[projects]]
  name = "github.com/elastic/beats"
  packages = ["libbeat/common","libbeat/common/file","libbeat/logp","libbeat/monitoring","libbeat/paths"]
  revision = "c34337071a05d7ae4f7397725319e0573c4a3e65"
  version = "v5.6.3"

[[projects]]
  name = "github.com/elastic/go-ucfg"
  packages = [".","cfgutil","flag","internal/parse","json","yaml"]
  revision = "ec8488a52542c0c51e42e8ea204dcaff400bc644"
  version = "v0.4.6"

[[projects]]
  branch = "master"
  name = "github.com/nranchev/go-libGeoIP"
  packages = ["."]
  revision = "d6d4a9a4c7e8d750064c10550bbd4f9aae50d48e"

[[projects]]
  name = "github.com/pkg/errors"
  packages = ["."]
  revision = "645ef00459ed84a119197bfb8d8205042c6df63d"
  version = "v0.8.0"

[[projects]]
  name = "github.com/satori/go.uuid"
  packages = ["."]
  revision = "879c5887cd475cd7864858769793b2ceb0d44feb"
  version = "v1.1.0"

[[projects]]
  branch = "v2"
  name = "gopkg.in/yaml.v2"
  packages = ["."]
  revision = "eb3733d160e74a9c7e442f435eb3bea458e1d19f"

[solve-meta]
  analyzer-name = "dep"
  analyzer-version = 1
  inputs-digest = "711c379d8d57d2a5d0da14e53c6bba6a3a978598723c0a838d0148b075411176"
  solver-name = "gps-cdcl"
  solver-version = 1
